
Microsoft Visual Studio Solution File, Format Version 12.00
# Visual Studio 15
VisualStudioVersion = 15.0.26228.9
MinimumVisualStudioVersion = 10.0.40219.1
Project("{FAE04EC0-301F-11D3-BF4B-00C04F79EFBC}") = "Introduction", "Introduction\Introduction.csproj", "{51E2C0EB-4014-4EA4-858B-A38560F403E4}"
EndProject
Project("{FAE04EC0-301F-11D3-BF4B-00C04F79EFBC}") = "Feature", "Feature\Feature.csproj", "{3A543B7A-75C0-403D-B7AD-43283B66FBE1}"
EndProject
Project("{FAE04EC0-301F-11D3-BF4B-00C04F79EFBC}") = "Queries", "Queries\Queries.csproj", "{0521CFBD-EF42-4EB9-81BA-84820B7EE81B}"
EndProject
Project("{FAE04EC0-301F-11D3-BF4B-00C04F79EFBC}") = "Cars", "Cars\Cars.csproj", "{85A31493-AD2C-4B77-B7E3-C533F1FEC2B4}"
EndProject
Global
	GlobalSection(SolutionConfigurationPlatforms) = preSolution
		Debug|Any CPU = Debug|Any CPU
		Release|Any CPU = Release|Any CPU
	EndGlobalSection
	GlobalSection(ProjectConfigurationPlatforms) = postSolution
		{51E2C0EB-4014-4EA4-858B-A38560F403E4}.Debug|Any CPU.ActiveCfg = Debug|Any CPU
		{51E2C0EB-4014-4EA4-858B-A38560F403E4}.Debug|Any CPU.Build.0 = Debug|Any CPU
		{51E2C0EB-4014-4EA4-858B-A38560F403E4}.Release|Any CPU.ActiveCfg = Release|Any CPU
		{51E2C0EB-4014-4EA4-858B-A38560F403E4}.Release|Any CPU.Build.0 = Release|Any CPU
		{3A543B7A-75C0-403D-B7AD-43283B66FBE1}.Debug|Any CPU.ActiveCfg = Debug|Any CPU
		{3A543B7A-75C0-403D-B7AD-43283B66FBE1}.Debug|Any CPU.Build.0 = Debug|Any CPU
		{3A543B7A-75C0-403D-B7AD-43283B66FBE1}.Release|Any CPU.ActiveCfg = Release|Any CPU
		{3A543B7A-75C0-403D-B7AD-43283B66FBE1}.Release|Any CPU.Build.0 = Release|Any CPU
		{0521CFBD-EF42-4EB9-81BA-84820B7EE81B}.Debug|Any CPU.ActiveCfg = Debug|Any CPU
		{0521CFBD-EF42-4EB9-81BA-84820B7EE81B}.Debug|Any CPU.Build.0 = Debug|Any CPU
		{0521CFBD-EF42-4EB9-81BA-84820B7EE81B}.Release|Any CPU.ActiveCfg = Release|Any CPU
		{0521CFBD-EF42-4EB9-81BA-84820B7EE81B}.Release|Any CPU.Build.0 = Release|Any CPU
		{85A31493-AD2C-4B77-B7E3-C533F1FEC2B4}.Debug|Any CPU.ActiveCfg = Debug|Any CPU
		{85A31493-AD2C-4B77-B7E3-C533F1FEC2B4}.Debug|Any CPU.Build.0 = Debug|Any CPU
		{85A31493-AD2C-4B77-B7E3-C533F1FEC2B4}.Release|Any CPU.ActiveCfg = Release|Any CPU
		{85A31493-AD2C-4B77-B7E3-C533F1FEC2B4}.Release|Any CPU.Build.0 = Release|Any CPU
	EndGlobalSection
	GlobalSection(SolutionProperties) = preSolution
		HideSolutionNode = FALSE
	EndGlobalSection
EndGlobal
